// !$*UTF8*$!
{
	archiveVersion = 1;
	classes = {
	};
	objectVersion = 55;
	objects = {

/* Begin PBXBuildFile section */
		BC340577285B7808007B7725 /* AppDelegate.swift in Sources */ = {isa = PBXBuildFile; fileRef = BC340576285B7808007B7725 /* AppDelegate.swift */; };
		BC340579285B7808007B7725 /* SceneDelegate.swift in Sources */ = {isa = PBXBuildFile; fileRef = BC340578285B7808007B7725 /* SceneDelegate.swift */; };
		BC34057B285B7808007B7725 /* ViewController.swift in Sources */ = {isa = PBXBuildFile; fileRef = BC34057A285B7808007B7725 /* ViewController.swift */; };
		BC340580285B780A007B7725 /* Assets.xcassets in Resources */ = {isa = PBXBuildFile; fileRef = BC34057F285B780A007B7725 /* Assets.xcassets */; };
		BC340583285B780A007B7725 /* LaunchScreen.storyboard in Resources */ = {isa = PBXBuildFile; fileRef = BC340581285B780A007B7725 /* LaunchScreen.storyboard */; };
		BC340590285B7BA4007B7725 /* CustomCellViewModel.swift in Sources */ = {isa = PBXBuildFile; fileRef = BC34058F285B7BA4007B7725 /* CustomCellViewModel.swift */; };
		BC340593285B7C8C007B7725 /* HomeScreenView.swift in Sources */ = {isa = PBXBuildFile; fileRef = BC340592285B7C8C007B7725 /* HomeScreenView.swift */; };
		BC340596285B7F14007B7725 /* Constants.swift in Sources */ = {isa = PBXBuildFile; fileRef = BC340595285B7F14007B7725 /* Constants.swift */; };
/* End PBXBuildFile section */

/* Begin PBXFileReference section */
		BC340573285B7808007B7725 /* MarvelComics-ViewCode.app */ = {isa = PBXFileReference; explicitFileType = wrapper.application; includeInIndex = 0; path = "MarvelComics-ViewCode.app"; sourceTree = BUILT_PRODUCTS_DIR; };
		BC340576285B7808007B7725 /* AppDelegate.swift */ = {isa = PBXFileReference; lastKnownFileType = sourcecode.swift; path = AppDelegate.swift; sourceTree = "<group>"; };
		BC340578285B7808007B7725 /* SceneDelegate.swift */ = {isa = PBXFileReference; lastKnownFileType = sourcecode.swift; path = SceneDelegate.swift; sourceTree = "<group>"; };
		BC34057A285B7808007B7725 /* ViewController.swift */ = {isa = PBXFileReference; lastKnownFileType = sourcecode.swift; path = ViewController.swift; sourceTree = "<group>"; };
		BC34057F285B780A007B7725 /* Assets.xcassets */ = {isa = PBXFileReference; lastKnownFileType = folder.assetcatalog; path = Assets.xcassets; sourceTree = "<group>"; };
		BC340582285B780A007B7725 /* Base */ = {isa = PBXFileReference; lastKnownFileType = file.storyboard; name = Base; path = Base.lproj/LaunchScreen.storyboard; sourceTree = "<group>"; };
		BC340584285B780A007B7725 /* Info.plist */ = {isa = PBXFileReference; lastKnownFileType = text.plist.xml; path = Info.plist; sourceTree = "<group>"; };
		BC34058F285B7BA4007B7725 /* CustomCellViewModel.swift */ = {isa = PBXFileReference; lastKnownFileType = sourcecode.swift; path = CustomCellViewModel.swift; sourceTree = "<group>"; };
		BC340592285B7C8C007B7725 /* HomeScreenView.swift */ = {isa = PBXFileReference; lastKnownFileType = sourcecode.swift; path = HomeScreenView.swift; sourceTree = "<group>"; };
		BC340595285B7F14007B7725 /* Constants.swift */ = {isa = PBXFileReference; lastKnownFileType = sourcecode.swift; path = Constants.swift; sourceTree = "<group>"; };
/* End PBXFileReference section */

/* Begin PBXFrameworksBuildPhase section */
		BC340570285B7808007B7725 /* Frameworks */ = {
			isa = PBXFrameworksBuildPhase;
			buildActionMask = 2147483647;
			files = (
			);
			runOnlyForDeploymentPostprocessing = 0;
		};
/* End PBXFrameworksBuildPhase section */

/* Begin PBXGroup section */
		BC34056A285B7808007B7725 = {
			isa = PBXGroup;
			children = (
				BC340575285B7808007B7725 /* MarvelComics-ViewCode */,
				BC340574285B7808007B7725 /* Products */,
			);
			sourceTree = "<group>";
		};
		BC340574285B7808007B7725 /* Products */ = {
			isa = PBXGroup;
			children = (
				BC340573285B7808007B7725 /* MarvelComics-ViewCode.app */,
			);
			name = Products;
			sourceTree = "<group>";
		};
		BC340575285B7808007B7725 /* MarvelComics-ViewCode */ = {
			isa = PBXGroup;
			children = (
				BC340594285B7EFE007B7725 /* Shared */,
				BC34058D285B7B5A007B7725 /* Cell */,
				BC34058C285B79B6007B7725 /* View */,
				BC34058A285B799C007B7725 /* Model */,
				BC340576285B7808007B7725 /* AppDelegate.swift */,
				BC340578285B7808007B7725 /* SceneDelegate.swift */,
				BC34057F285B780A007B7725 /* Assets.xcassets */,
				BC340581285B780A007B7725 /* LaunchScreen.storyboard */,
				BC340584285B780A007B7725 /* Info.plist */,
			);
			path = "MarvelComics-ViewCode";
			sourceTree = "<group>";
		};
		BC34058A285B799C007B7725 /* Model */ = {
			isa = PBXGroup;
			children = (
			);
			path = Model;
			sourceTree = "<group>";
		};
		BC34058C285B79B6007B7725 /* View */ = {
			isa = PBXGroup;
			children = (
				BC340591285B7C69007B7725 /* Screen */,
				BC34057A285B7808007B7725 /* ViewController.swift */,
			);
			path = View;
			sourceTree = "<group>";
		};
		BC34058D285B7B5A007B7725 /* Cell */ = {
			isa = PBXGroup;
			children = (
				BC34058E285B7B6A007B7725 /* ViewModel */,
			);
			path = Cell;
			sourceTree = "<group>";
		};
		BC34058E285B7B6A007B7725 /* ViewModel */ = {
			isa = PBXGroup;
			children = (
				BC34058F285B7BA4007B7725 /* CustomCellViewModel.swift */,
			);
			path = ViewModel;
			sourceTree = "<group>";
		};
		BC340591285B7C69007B7725 /* Screen */ = {
			isa = PBXGroup;
			children = (
				BC340592285B7C8C007B7725 /* HomeScreenView.swift */,
			);
			path = Screen;
			sourceTree = "<group>";
		};
		BC340594285B7EFE007B7725 /* Shared */ = {
			isa = PBXGroup;
			children = (
				BC340595285B7F14007B7725 /* Constants.swift */,
			);
			path = Shared;
			sourceTree = "<group>";
		};
/* End PBXGroup section */

/* Begin PBXNativeTarget section */
		BC340572285B7808007B7725 /* MarvelComics-ViewCode */ = {
			isa = PBXNativeTarget;
			buildConfigurationList = BC340587285B780A007B7725 /* Build configuration list for PBXNativeTarget "MarvelComics-ViewCode" */;
			buildPhases = (
				BC34056F285B7808007B7725 /* Sources */,
				BC340570285B7808007B7725 /* Frameworks */,
				BC340571285B7808007B7725 /* Resources */,
			);
			buildRules = (
			);
			dependencies = (
			);
			name = "MarvelComics-ViewCode";
			productName = "MarvelComics-ViewCode";
			productReference = BC340573285B7808007B7725 /* MarvelComics-ViewCode.app */;
			productType = "com.apple.product-type.application";
		};
/* End PBXNativeTarget section */

/* Begin PBXProject section */
		BC34056B285B7808007B7725 /* Project object */ = {
			isa = PBXProject;
			attributes = {
				BuildIndependentTargetsInParallel = 1;
				LastSwiftUpdateCheck = 1300;
				LastUpgradeCheck = 1300;
				TargetAttributes = {
					BC340572285B7808007B7725 = {
						CreatedOnToolsVersion = 13.0;
					};
				};
			};
			buildConfigurationList = BC34056E285B7808007B7725 /* Build configuration list for PBXProject "MarvelComics-ViewCode" */;
			compatibilityVersion = "Xcode 13.0";
			developmentRegion = en;
			hasScannedForEncodings = 0;
			knownRegions = (
				en,
				Base,
			);
			mainGroup = BC34056A285B7808007B7725;
			productRefGroup = BC340574285B7808007B7725 /* Products */;
			projectDirPath = "";
			projectRoot = "";
			targets = (
				BC340572285B7808007B7725 /* MarvelComics-ViewCode */,
			);
		};
/* End PBXProject section */

/* Begin PBXResourcesBuildPhase section */
		BC340571285B7808007B7725 /* Resources */ = {
			isa = PBXResourcesBuildPhase;
			buildActionMask = 2147483647;
			files = (
				BC340583285B780A007B7725 /* LaunchScreen.storyboard in Resources */,
				BC340580285B780A007B7725 /* Assets.xcassets in Resources */,
			);
			runOnlyForDeploymentPostprocessing = 0;
		};
/* End PBXResourcesBuildPhase section */

/* Begin PBXSourcesBuildPhase section */
		BC34056F285B7808007B7725 /* Sources */ = {
			isa = PBXSourcesBuildPhase;
			buildActionMask = 2147483647;
			files = (
				BC34057B285B7808007B7725 /* ViewController.swift in Sources */,
				BC340577285B7808007B7725 /* AppDelegate.swift in Sources */,
				BC340593285B7C8C007B7725 /* HomeScreenView.swift in Sources */,
				BC340579285B7808007B7725 /* SceneDelegate.swift in Sources */,
				BC340590285B7BA4007B7725 /* CustomCellViewModel.swift in Sources */,
				BC340596285B7F14007B7725 /* Constants.swift in Sources */,
			);
			runOnlyForDeploymentPostprocessing = 0;
		};
/* End PBXSourcesBuildPhase section */

/* Begin PBXVariantGroup section */
		BC340581285B780A007B7725 /* LaunchScreen.storyboard */ = {
			isa = PBXVariantGroup;
			children = (
				BC340582285B780A007B7725 /* Base */,
			);
			name = LaunchScreen.storyboard;
			sourceTree = "<group>";
		};
/* End PBXVariantGroup section */

/* Begin XCBuildConfiguration section */
		BC340585285B780A007B7725 /* Debug */ = {
			isa = XCBuildConfiguration;
			buildSettings = {
				ALWAYS_SEARCH_USER_PATHS = NO;
				CLANG_ANALYZER_NONNULL = YES;
				CLANG_ANALYZER_NUMBER_OBJECT_CONVERSION = YES_AGGRESSIVE;
				CLANG_CXX_LANGUAGE_STANDARD = "gnu++17";
				CLANG_CXX_LIBRARY = "libc++";
				CLANG_ENABLE_MODULES = YES;
				CLANG_ENABLE_OBJC_ARC = YES;
				CLANG_ENABLE_OBJC_WEAK = YES;
				CLANG_WARN_BLOCK_CAPTURE_AUTORELEASING = YES;
				CLANG_WARN_BOOL_CONVERSION = YES;
				CLANG_WARN_COMMA = YES;
				CLANG_WARN_CONSTANT_CONVERSION = YES;
				CLANG_WARN_DEPRECATED_OBJC_IMPLEMENTATIONS = YES;
				CLANG_WARN_DIRECT_OBJC_ISA_USAGE = YES_ERROR;
				CLANG_WARN_DOCUMENTATION_COMMENTS = YES;
				CLANG_WARN_EMPTY_BODY = YES;
				CLANG_WARN_ENUM_CONVERSION = YES;
				CLANG_WARN_INFINITE_RECURSION = YES;
				CLANG_WARN_INT_CONVERSION = YES;
				CLANG_WARN_NON_LITERAL_NULL_CONVERSION = YES;
				CLANG_WARN_OBJC_IMPLICIT_RETAIN_SELF = YES;
				CLANG_WARN_OBJC_LITERAL_CONVERSION = YES;
				CLANG_WARN_OBJC_ROOT_CLASS = YES_ERROR;
				CLANG_WARN_QUOTED_INCLUDE_IN_FRAMEWORK_HEADER = YES;
				CLANG_WARN_RANGE_LOOP_ANALYSIS = YES;
				CLANG_WARN_STRICT_PROTOTYPES = YES;
				CLANG_WARN_SUSPICIOUS_MOVE = YES;
				CLANG_WARN_UNGUARDED_AVAILABILITY = YES_AGGRESSIVE;
				CLANG_WARN_UNREACHABLE_CODE = YES;
				CLANG_WARN__DUPLICATE_METHOD_MATCH = YES;
				COPY_PHASE_STRIP = NO;
				DEBUG_INFORMATION_FORMAT = dwarf;
				ENABLE_STRICT_OBJC_MSGSEND = YES;
				ENABLE_TESTABILITY = YES;
				GCC_C_LANGUAGE_STANDARD = gnu11;
				GCC_DYNAMIC_NO_PIC = NO;
				GCC_NO_COMMON_BLOCKS = YES;
				GCC_OPTIMIZATION_LEVEL = 0;
				GCC_PREPROCESSOR_DEFINITIONS = (
					"DEBUG=1",
					"$(inherited)",
				);
				GCC_WARN_64_TO_32_BIT_CONVERSION = YES;
				GCC_WARN_ABOUT_RETURN_TYPE = YES_ERROR;
				GCC_WARN_UNDECLARED_SELECTOR = YES;
				GCC_WARN_UNINITIALIZED_AUTOS = YES_AGGRESSIVE;
				GCC_WARN_UNUSED_FUNCTION = YES;
				GCC_WARN_UNUSED_VARIABLE = YES;
				IPHONEOS_DEPLOYMENT_TARGET = 15.0;
				MTL_ENABLE_DEBUG_INFO = INCLUDE_SOURCE;
				MTL_FAST_MATH = YES;
				ONLY_ACTIVE_ARCH = YES;
				SDKROOT = iphoneos;
				SWIFT_ACTIVE_COMPILATION_CONDITIONS = DEBUG;
				SWIFT_OPTIMIZATION_LEVEL = "-Onone";
			};
			name = Debug;
		};
		BC340586285B780A007B7725 /* Release */ = {
			isa = XCBuildConfiguration;
			buildSettings = {
				ALWAYS_SEARCH_USER_PATHS = NO;
				CLANG_ANALYZER_NONNULL = YES;
				CLANG_ANALYZER_NUMBER_OBJECT_CONVERSION = YES_AGGRESSIVE;
				CLANG_CXX_LANGUAGE_STANDARD = "gnu++17";
				CLANG_CXX_LIBRARY = "libc++";
				CLANG_ENABLE_MODULES = YES;
				CLANG_ENABLE_OBJC_ARC = YES;
				CLANG_ENABLE_OBJC_WEAK = YES;
				CLANG_WARN_BLOCK_CAPTURE_AUTORELEASING = YES;
				CLANG_WARN_BOOL_CONVERSION = YES;
				CLANG_WARN_COMMA = YES;
				CLANG_WARN_CONSTANT_CONVERSION = YES;
				CLANG_WARN_DEPRECATED_OBJC_IMPLEMENTATIONS = YES;
				CLANG_WARN_DIRECT_OBJC_ISA_USAGE = YES_ERROR;
				CLANG_WARN_DOCUMENTATION_COMMENTS = YES;
				CLANG_WARN_EMPTY_BODY = YES;
				CLANG_WARN_ENUM_CONVERSION = YES;
				CLANG_WARN_INFINITE_RECURSION = YES;
				CLANG_WARN_INT_CONVERSION = YES;
				CLANG_WARN_NON_LITERAL_NULL_CONVERSION = YES;
				CLANG_WARN_OBJC_IMPLICIT_RETAIN_SELF = YES;
				CLANG_WARN_OBJC_LITERAL_CONVERSION = YES;
				CLANG_WARN_OBJC_ROOT_CLASS = YES_ERROR;
				CLANG_WARN_QUOTED_INCLUDE_IN_FRAMEWORK_HEADER = YES;
				CLANG_WARN_RANGE_LOOP_ANALYSIS = YES;
				CLANG_WARN_STRICT_PROTOTYPES = YES;
				CLANG_WARN_SUSPICIOUS_MOVE = YES;
				CLANG_WARN_UNGUARDED_AVAILABILITY = YES_AGGRESSIVE;
				CLANG_WARN_UNREACHABLE_CODE = YES;
				CLANG_WARN__DUPLICATE_METHOD_MATCH = YES;
				COPY_PHASE_STRIP = NO;
				DEBUG_INFORMATION_FORMAT = "dwarf-with-dsym";
				ENABLE_NS_ASSERTIONS = NO;
				ENABLE_STRICT_OBJC_MSGSEND = YES;
				GCC_C_LANGUAGE_STANDARD = gnu11;
				GCC_NO_COMMON_BLOCKS = YES;
				GCC_WARN_64_TO_32_BIT_CONVERSION = YES;
				GCC_WARN_ABOUT_RETURN_TYPE = YES_ERROR;
				GCC_WARN_UNDECLARED_SELECTOR = YES;
				GCC_WARN_UNINITIALIZED_AUTOS = YES_AGGRESSIVE;
				GCC_WARN_UNUSED_FUNCTION = YES;
				GCC_WARN_UNUSED_VARIABLE = YES;
				IPHONEOS_DEPLOYMENT_TARGET = 15.0;
				MTL_ENABLE_DEBUG_INFO = NO;
				MTL_FAST_MATH = YES;
				SDKROOT = iphoneos;
				SWIFT_COMPILATION_MODE = wholemodule;
				SWIFT_OPTIMIZATION_LEVEL = "-O";
				VALIDATE_PRODUCT = YES;
			};
			name = Release;
		};
		BC340588285B780A007B7725 /* Debug */ = {
			isa = XCBuildConfiguration;
			buildSettings = {
				ASSETCATALOG_COMPILER_APPICON_NAME = AppIcon;
				ASSETCATALOG_COMPILER_GLOBAL_ACCENT_COLOR_NAME = AccentColor;
				CODE_SIGN_STYLE = Automatic;
				CURRENT_PROJECT_VERSION = 1;
				DEVELOPMENT_TEAM = ZFB9PS3322;
				GENERATE_INFOPLIST_FILE = YES;
				INFOPLIST_FILE = "MarvelComics-ViewCode/Info.plist";
				INFOPLIST_KEY_UIApplicationSupportsIndirectInputEvents = YES;
				INFOPLIST_KEY_UILaunchStoryboardName = LaunchScreen;
				INFOPLIST_KEY_UISupportedInterfaceOrientations_iPad = "UIInterfaceOrientationPortrait UIInterfaceOrientationPortraitUpsideDown UIInterfaceOrientationLandscapeLeft UIInterfaceOrientationLandscapeRight";
				INFOPLIST_KEY_UISupportedInterfaceOrientations_iPhone = "UIInterfaceOrientationPortrait UIInterfaceOrientationLandscapeLeft UIInterfaceOrientationLandscapeRight";
				LD_RUNPATH_SEARCH_PATHS = (
					"$(inherited)",
					"@executable_path/Frameworks",
				);
				MARKETING_VERSION = 1.0;
				PRODUCT_BUNDLE_IDENTIFIER = "Alan.MarvelComics-ViewCode";
				PRODUCT_NAME = "$(TARGET_NAME)";
				SWIFT_EMIT_LOC_STRINGS = YES;
				SWIFT_VERSION = 5.0;
				TARGETED_DEVICE_FAMILY = "1,2";
			};
			name = Debug;
		};
		BC340589285B780A007B7725 /* Release */ = {
			isa = XCBuildConfiguration;
			buildSettings = {
				ASSETCATALOG_COMPILER_APPICON_NAME = AppIcon;
				ASSETCATALOG_COMPILER_GLOBAL_ACCENT_COLOR_NAME = AccentColor;
				CODE_SIGN_STYLE = Automatic;
				CURRENT_PROJECT_VERSION = 1;
				DEVELOPMENT_TEAM = ZFB9PS3322;
				GENERATE_INFOPLIST_FILE = YES;
				INFOPLIST_FILE = "MarvelComics-ViewCode/Info.plist";
				INFOPLIST_KEY_UIApplicationSupportsIndirectInputEvents = YES;
				INFOPLIST_KEY_UILaunchStoryboardName = LaunchScreen;
				INFOPLIST_KEY_UISupportedInterfaceOrientations_iPad = "UIInterfaceOrientationPortrait UIInterfaceOrientationPortraitUpsideDown UIInterfaceOrientationLandscapeLeft UIInterfaceOrientationLandscapeRight";
				INFOPLIST_KEY_UISupportedInterfaceOrientations_iPhone = "UIInterfaceOrientationPortrait UIInterfaceOrientationLandscapeLeft UIInterfaceOrientationLandscapeRight";
				LD_RUNPATH_SEARCH_PATHS = (
					"$(inherited)",
					"@executable_path/Frameworks",
				);
				MARKETING_VERSION = 1.0;
				PRODUCT_BUNDLE_IDENTIFIER = "Alan.MarvelComics-ViewCode";
				PRODUCT_NAME = "$(TARGET_NAME)";
				SWIFT_EMIT_LOC_STRINGS = YES;
				SWIFT_VERSION = 5.0;
				TARGETED_DEVICE_FAMILY = "1,2";
			};
			name = Release;
		};
/* End XCBuildConfiguration section */

/* Begin XCConfigurationList section */
		BC34056E285B7808007B7725 /* Build configuration list for PBXProject "MarvelComics-ViewCode" */ = {
			isa = XCConfigurationList;
			buildConfigurations = (
				BC340585285B780A007B7725 /* Debug */,
				BC340586285B780A007B7725 /* Release */,
			);
			defaultConfigurationIsVisible = 0;
			defaultConfigurationName = Release;
		};
		BC340587285B780A007B7725 /* Build configuration list for PBXNativeTarget "MarvelComics-ViewCode" */ = {
			isa = XCConfigurationList;
			buildConfigurations = (
				BC340588285B780A007B7725 /* Debug */,
				BC340589285B780A007B7725 /* Release */,
			);
			defaultConfigurationIsVisible = 0;
			defaultConfigurationName = Release;
		};
/* End XCConfigurationList section */
	};
	rootObject = BC34056B285B7808007B7725 /* Project object */;
}
